
Microsoft Visual Studio Solution File, Format Version 12.00
# Visual Studio Version 16
VisualStudioVersion = 16.0.30225.117
MinimumVisualStudioVersion = 10.0.40219.1
Project("{FAE04EC0-301F-11D3-BF4B-00C04F79EFBC}") = "FASDataManager", "FASDataManager\FASDataManager.csproj", "{9BD5AB76-F24D-4A2E-8983-1BFAC4C178A8}"
EndProject
Project("{FAE04EC0-301F-11D3-BF4B-00C04F79EFBC}") = "FASDesktopUI", "FASDesktopUI\FASDesktopUI.csproj", "{BEA7994E-50B2-4E19-AE49-4A96D83646A1}"
EndProject
Global
	GlobalSection(SolutionConfigurationPlatforms) = preSolution
		Debug|Any CPU = Debug|Any CPU
		Release|Any CPU = Release|Any CPU
	EndGlobalSection
	GlobalSection(ProjectConfigurationPlatforms) = postSolution
		{9BD5AB76-F24D-4A2E-8983-1BFAC4C178A8}.Debug|Any CPU.ActiveCfg = Debug|Any CPU
		{9BD5AB76-F24D-4A2E-8983-1BFAC4C178A8}.Debug|Any CPU.Build.0 = Debug|Any CPU
		{9BD5AB76-F24D-4A2E-8983-1BFAC4C178A8}.Release|Any CPU.ActiveCfg = Release|Any CPU
		{9BD5AB76-F24D-4A2E-8983-1BFAC4C178A8}.Release|Any CPU.Build.0 = Release|Any CPU
		{BEA7994E-50B2-4E19-AE49-4A96D83646A1}.Debug|Any CPU.ActiveCfg = Debug|Any CPU
		{BEA7994E-50B2-4E19-AE49-4A96D83646A1}.Debug|Any CPU.Build.0 = Debug|Any CPU
		{BEA7994E-50B2-4E19-AE49-4A96D83646A1}.Release|Any CPU.ActiveCfg = Release|Any CPU
		{BEA7994E-50B2-4E19-AE49-4A96D83646A1}.Release|Any CPU.Build.0 = Release|Any CPU
	EndGlobalSection
	GlobalSection(SolutionProperties) = preSolution
		HideSolutionNode = FALSE
	EndGlobalSection
	GlobalSection(ExtensibilityGlobals) = postSolution
		SolutionGuid = {E5C0163C-94C4-4096-A927-8839CA26EE10}
	EndGlobalSection
EndGlobal
